
Microsoft Visual Studio Solution File, Format Version 12.00
# Visual Studio Version 16
VisualStudioVersion = 16.0.31005.135
MinimumVisualStudioVersion = 10.0.40219.1
Project("{9A19103F-16F7-4668-BE54-9A1E7A4F7556}") = "QandA", "QandA.csproj", "{30030073-053F-404A-8EC5-BF4098476FAE}"
EndProject
Project("{9A19103F-16F7-4668-BE54-9A1E7A4F7556}") = "BackendTests", "..\BackendTests\BackendTests.csproj", "{A4490AD6-7579-4D95-85AE-6B6ABE717CEB}"
EndProject
Global
	GlobalSection(SolutionConfigurationPlatforms) = preSolution
		Debug|Any CPU = Debug|Any CPU
		Release|Any CPU = Release|Any CPU
	EndGlobalSection
	GlobalSection(ProjectConfigurationPlatforms) = postSolution
		{30030073-053F-404A-8EC5-BF4098476FAE}.Debug|Any CPU.ActiveCfg = Debug|Any CPU
		{30030073-053F-404A-8EC5-BF4098476FAE}.Debug|Any CPU.Build.0 = Debug|Any CPU
		{30030073-053F-404A-8EC5-BF4098476FAE}.Release|Any CPU.ActiveCfg = Release|Any CPU
		{30030073-053F-404A-8EC5-BF4098476FAE}.Release|Any CPU.Build.0 = Release|Any CPU
		{A4490AD6-7579-4D95-85AE-6B6ABE717CEB}.Debug|Any CPU.ActiveCfg = Debug|Any CPU
		{A4490AD6-7579-4D95-85AE-6B6ABE717CEB}.Debug|Any CPU.Build.0 = Debug|Any CPU
		{A4490AD6-7579-4D95-85AE-6B6ABE717CEB}.Release|Any CPU.ActiveCfg = Release|Any CPU
		{A4490AD6-7579-4D95-85AE-6B6ABE717CEB}.Release|Any CPU.Build.0 = Release|Any CPU
	EndGlobalSection
	GlobalSection(SolutionProperties) = preSolution
		HideSolutionNode = FALSE
	EndGlobalSection
	GlobalSection(ExtensibilityGlobals) = postSolution
		SolutionGuid = {F796659C-7D72-4DCC-B4D1-89619C41271F}
	EndGlobalSection
EndGlobal
